
Microsoft Visual Studio Solution File, Format Version 12.00
# Visual Studio Version 17
VisualStudioVersion = 17.3.32819.101
MinimumVisualStudioVersion = 10.0.40219.1
Project("{2150E333-8FDC-42A3-9474-1A3956D46DE8}") = "ShopManagement", "ShopManagement", "{975F92D3-3039-42B2-9791-546FDD5E7368}"
EndProject
Project("{2150E333-8FDC-42A3-9474-1A3956D46DE8}") = "SM.Domain", "SM.Domain", "{46C55205-81BD-47CB-B6FE-D51F30E09FCA}"
EndProject
Project("{9A19103F-16F7-4668-BE54-9A1E7A4F7556}") = "ShopManagement.Domain", "ShopManagement.Domain\ShopManagement.Domain.csproj", "{07EA7E67-6FC5-4FB2-9F88-F7146F027158}"
EndProject
Project("{9A19103F-16F7-4668-BE54-9A1E7A4F7556}") = "BaseFramework", "BaseFramwork\BaseFramework.csproj", "{0C24A83A-0ACB-4DC4-B6FB-047CF71DB0E1}"
EndProject
Project("{2150E333-8FDC-42A3-9474-1A3956D46DE8}") = "SM.Application", "SM.Application", "{00D4C1FF-EDFF-49E7-9EE0-D2A0B7975B6F}"
EndProject
Project("{9A19103F-16F7-4668-BE54-9A1E7A4F7556}") = "ShopManagement.Application", "SM.Application\ShopManagement.Application.csproj", "{6BE4EB29-54D4-44BA-9D69-F3DC670B6A25}"
EndProject
Project("{9A19103F-16F7-4668-BE54-9A1E7A4F7556}") = "ShopManagement.Application.Constracts", "SM.Application.Constracts\ShopManagement.Application.Constracts.csproj", "{D9CBEA64-48F0-496B-8817-8298DE62FA44}"
EndProject
Project("{2150E333-8FDC-42A3-9474-1A3956D46DE8}") = "SM.Infrastructure", "SM.Infrastructure", "{4362C984-04CF-41B9-A427-47BE792C6262}"
EndProject
Project("{9A19103F-16F7-4668-BE54-9A1E7A4F7556}") = "ShopManagement.Infrastructure.Core", "ShopManagement.Infrastructure.Core\ShopManagement.Infrastructure.Core.csproj", "{9995F3F6-EF63-4C49-B421-02ED516C67D5}"
EndProject
Project("{9A19103F-16F7-4668-BE54-9A1E7A4F7556}") = "ShopManagement.Infrastructure.EFCore", "ShopManagement.Infrastructure.EFCore\ShopManagement.Infrastructure.EFCore.csproj", "{096CFB33-1A7A-4CBB-ABB5-AF502978CAB0}"
EndProject
Project("{9A19103F-16F7-4668-BE54-9A1E7A4F7556}") = "ServiceHost", "ServiceHost\ServiceHost.csproj", "{010EA9C1-D11E-4D97-8DBF-E832EB11CF1A}"
EndProject
Project("{9A19103F-16F7-4668-BE54-9A1E7A4F7556}") = "EShopQuery", "EShopQuery\EShopQuery.csproj", "{B756838A-B7CB-4079-B626-08AB75A4AE88}"
EndProject
Project("{2150E333-8FDC-42A3-9474-1A3956D46DE8}") = "DiscountManager", "DiscountManager", "{CCF720FF-084F-4A92-8B24-5E06DEBAB9BB}"
EndProject
Project("{2150E333-8FDC-42A3-9474-1A3956D46DE8}") = "DM.Application", "DM.Application", "{DF65AE80-63E1-4B44-A434-2FB9B28E3341}"
EndProject
Project("{2150E333-8FDC-42A3-9474-1A3956D46DE8}") = "DM.Domain", "DM.Domain", "{6CEB123C-F16F-4FF0-9928-06A7446F166B}"
EndProject
Project("{2150E333-8FDC-42A3-9474-1A3956D46DE8}") = "DM.Infrastructures", "DM.Infrastructures", "{5A2796CE-6366-429F-A955-E54F02FCB1F4}"
EndProject
Project("{9A19103F-16F7-4668-BE54-9A1E7A4F7556}") = "DiscountManager.Domain", "DiscountManager.Domain\DiscountManager.Domain.csproj", "{70F9387C-5C50-441A-8471-D80449B9395B}"
EndProject
Project("{9A19103F-16F7-4668-BE54-9A1E7A4F7556}") = "DiscountManager.Application", "DiscountManager.Application\DiscountManager.Application.csproj", "{3BA45B4A-A18D-4D7F-A584-39D264D54199}"
EndProject
Project("{9A19103F-16F7-4668-BE54-9A1E7A4F7556}") = "DiscountManager.Application.Contracts", "DiscountManager.Application.Contracts\DiscountManager.Application.Contracts.csproj", "{565DB713-6C9B-483E-AA35-555C6908289D}"
EndProject
Project("{9A19103F-16F7-4668-BE54-9A1E7A4F7556}") = "DiscountManager.Infrastructure.Core", "DiscountManager.Infrastructure.Core\DiscountManager.Infrastructure.Core.csproj", "{AF225D65-D7BB-4088-A25C-6277D4ACFAF3}"
EndProject
Project("{9A19103F-16F7-4668-BE54-9A1E7A4F7556}") = "DiscountManager.Infrastructure.EFCore", "DiscountManager.Infrastructure.EFCore\DiscountManager.Infrastructure.EFCore.csproj", "{3FCB2725-4948-48C5-AC33-1BF071F2336E}"
EndProject
Project("{2150E333-8FDC-42A3-9474-1A3956D46DE8}") = "InventoryManager", "InventoryManager", "{96E69C40-13B9-4F9B-9A09-9892D364383E}"
EndProject
Project("{2150E333-8FDC-42A3-9474-1A3956D46DE8}") = "IM.Domain", "IM.Domain", "{F5984A81-720B-4490-B069-BA26C612354F}"
EndProject
Project("{2150E333-8FDC-42A3-9474-1A3956D46DE8}") = "IM.Application", "IM.Application", "{4E8A287E-403F-426A-BDF1-B17D4B4BC12A}"
EndProject
Project("{2150E333-8FDC-42A3-9474-1A3956D46DE8}") = "IM.Infrastructure", "IM.Infrastructure", "{6FBB4A9B-3DB7-4711-A8F2-8AB914FC47E6}"
EndProject
Project("{9A19103F-16F7-4668-BE54-9A1E7A4F7556}") = "InventoryManager.Domain", "InventoryManager.Domain\InventoryManager.Domain.csproj", "{4B746E83-F611-49E0-8447-B54A2CE7E8FE}"
EndProject
Project("{9A19103F-16F7-4668-BE54-9A1E7A4F7556}") = "InventoryManager.Application", "InventoryManager.Application\InventoryManager.Application.csproj", "{3C816D2D-274D-48B6-A2BC-C261BDEC273D}"
EndProject
Project("{9A19103F-16F7-4668-BE54-9A1E7A4F7556}") = "InventoryManager.Applicaton.Contracts", "InventoryManager.Applicaton.Contracts\InventoryManager.Applicaton.Contracts.csproj", "{76E72490-6335-4A0B-BAA4-7B99B35A6D75}"
EndProject
Project("{9A19103F-16F7-4668-BE54-9A1E7A4F7556}") = "InventoryManager.Infrastructure.EFCore", "InventoryManager.Infrastructure\InventoryManager.Infrastructure.EFCore.csproj", "{C82D6EA6-E9C0-4C01-BE36-61CAF8001351}"
EndProject
Project("{9A19103F-16F7-4668-BE54-9A1E7A4F7556}") = "InventoryManager.Infrastructure.Core", "InventoryManager.Infrastructure.Core\InventoryManager.Infrastructure.Core.csproj", "{9F84675C-E48F-49B9-A6E1-AF490BE1DF3A}"
EndProject
Project("{2150E333-8FDC-42A3-9474-1A3956D46DE8}") = "DocumentManager", "DocumentManager", "{67CD5E76-F712-4B50-91A5-FE7483E9CAB4}"
EndProject
Project("{9A19103F-16F7-4668-BE54-9A1E7A4F7556}") = "DocumentManager.Application", "DocumentManager.Application\DocumentManager.Application.csproj", "{CAC90499-7DD8-451E-B2BA-20BC36DD4DA1}"
EndProject
Project("{2150E333-8FDC-42A3-9474-1A3956D46DE8}") = "Application", "Application", "{9FE22BC6-A2B4-4652-87A4-963DF5696DBD}"
EndProject
Project("{9A19103F-16F7-4668-BE54-9A1E7A4F7556}") = "DocumentManager.Application.Contracts", "DocumentManager.Application.Contracts\DocumentManager.Application.Contracts.csproj", "{EB9E2B87-0DDA-40B5-B8D9-6A3E94B1F0FB}"
EndProject
Project("{2150E333-8FDC-42A3-9474-1A3956D46DE8}") = "Infrastructures", "Infrastructures", "{70A3F68A-7359-40C2-8F30-8598A5E4C2E1}"
EndProject
Project("{9A19103F-16F7-4668-BE54-9A1E7A4F7556}") = "DocumentManager.Infrastructures", "DocumentManager.Infrastructures\DocumentManager.Infrastructures.csproj", "{3085D067-4298-40CF-ADB1-4F0B268479B2}"
EndProject
Project("{2150E333-8FDC-42A3-9474-1A3956D46DE8}") = "CommentManager", "CommentManager", "{C51DCECD-4E9E-476C-B4F6-F689227EABF6}"
EndProject
Project("{2150E333-8FDC-42A3-9474-1A3956D46DE8}") = "CM.Application", "CM.Application", "{22D56318-A60B-4628-BB4C-E7138FCFE562}"
EndProject
Project("{2150E333-8FDC-42A3-9474-1A3956D46DE8}") = "CM.Domain", "CM.Domain", "{B09D2EF0-F915-46DD-93FD-A63159FCC72F}"
EndProject
Project("{2150E333-8FDC-42A3-9474-1A3956D46DE8}") = "CM.Infrastructure", "CM.Infrastructure", "{324BE960-66CB-4251-90C0-DEE1B1D54F2B}"
EndProject
Project("{9A19103F-16F7-4668-BE54-9A1E7A4F7556}") = "CommentManager.Application", "CommentManager.Application\CommentManager.Application.csproj", "{1BF96331-7668-4B81-B62E-9CAB4F80EEE4}"
EndProject
Project("{9A19103F-16F7-4668-BE54-9A1E7A4F7556}") = "CommentManager.Application.Contract", "CommentManager.Application.Contract\CommentManager.Application.Contract.csproj", "{98B92473-B5E4-461F-9256-EEFC4F9357FD}"
EndProject
Project("{9A19103F-16F7-4668-BE54-9A1E7A4F7556}") = "CommentManager.Domain", "CommentManager.Domain\CommentManager.Domain.csproj", "{75512800-7769-421F-B264-91E1C3C2E1AA}"
EndProject
Project("{9A19103F-16F7-4668-BE54-9A1E7A4F7556}") = "CommentManager.Infrastructure.EfCore", "CommentManager.Infrastructure.EfCore\CommentManager.Infrastructure.EfCore.csproj", "{FB33DBB7-2D81-4D05-ADD7-55AED65327A6}"
EndProject
Project("{9A19103F-16F7-4668-BE54-9A1E7A4F7556}") = "CommentManager.Infrastructure.Core", "CommentManager.Infrastructure.Core\CommentManager.Infrastructure.Core.csproj", "{FC3203FC-1EFD-4825-B6AA-1223E96D40AA}"
EndProject
Project("{2150E333-8FDC-42A3-9474-1A3956D46DE8}") = "SecondaryDB", "SecondaryDB", "{6997F4DF-C076-48A4-ABFD-88E40CDD1568}"
EndProject
Project("{2150E333-8FDC-42A3-9474-1A3956D46DE8}") = "Domain", "Domain", "{88C577C3-958A-4F06-B966-0CF87CB88C40}"
EndProject
Project("{2150E333-8FDC-42A3-9474-1A3956D46DE8}") = "Infrastructure", "Infrastructure", "{1B05E5ED-3079-408E-AC06-D8EAB0A6D9C5}"
EndProject
Project("{2150E333-8FDC-42A3-9474-1A3956D46DE8}") = "Application", "Application", "{E20ECB57-B723-4013-8B8C-5100B80148DB}"
EndProject
Project("{FAE04EC0-301F-11D3-BF4B-00C04F79EFBC}") = "SecondaryDB.Domain", "SecondaryDB.Domain\SecondaryDB.Domain.csproj", "{C6BF2FE2-8BFD-4D3F-852C-4A14B6E87BC2}"
EndProject
Project("{FAE04EC0-301F-11D3-BF4B-00C04F79EFBC}") = "SecondaryDB.Application", "SecondaryDB.Application\SecondaryDB.Application.csproj", "{90490C65-89A8-4E6C-A28A-2C989B3E6B94}"
EndProject
Project("{FAE04EC0-301F-11D3-BF4B-00C04F79EFBC}") = "SecondaryDB.Infrastructure.Core", "SecondaryDB.Infrastructure.Core\SecondaryDB.Infrastructure.Core.csproj", "{83D948FC-9A68-4BA2-A14B-71BF228BFCB3}"
EndProject
Project("{FAE04EC0-301F-11D3-BF4B-00C04F79EFBC}") = "SecondaryDB.Infrastructure.EFCore", "SecondaryDB.Infrastructure.EFCore\SecondaryDB.Infrastructure.EFCore.csproj", "{9883C229-C3EB-467A-9C13-94BB100745F3}"
EndProject
Project("{9A19103F-16F7-4668-BE54-9A1E7A4F7556}") = "SecondaryDB.Application.Contract", "SecondaryDB.Application.Contract\SecondaryDB.Application.Contract.csproj", "{512D6BEF-72FB-414B-A91B-3067011BD06C}"
EndProject
Global
	GlobalSection(SolutionConfigurationPlatforms) = preSolution
		Debug|Any CPU = Debug|Any CPU
		Release|Any CPU = Release|Any CPU
	EndGlobalSection
	GlobalSection(ProjectConfigurationPlatforms) = postSolution
		{07EA7E67-6FC5-4FB2-9F88-F7146F027158}.Debug|Any CPU.ActiveCfg = Debug|Any CPU
		{07EA7E67-6FC5-4FB2-9F88-F7146F027158}.Debug|Any CPU.Build.0 = Debug|Any CPU
		{07EA7E67-6FC5-4FB2-9F88-F7146F027158}.Release|Any CPU.ActiveCfg = Release|Any CPU
		{07EA7E67-6FC5-4FB2-9F88-F7146F027158}.Release|Any CPU.Build.0 = Release|Any CPU
		{0C24A83A-0ACB-4DC4-B6FB-047CF71DB0E1}.Debug|Any CPU.ActiveCfg = Debug|Any CPU
		{0C24A83A-0ACB-4DC4-B6FB-047CF71DB0E1}.Debug|Any CPU.Build.0 = Debug|Any CPU
		{0C24A83A-0ACB-4DC4-B6FB-047CF71DB0E1}.Release|Any CPU.ActiveCfg = Release|Any CPU
		{0C24A83A-0ACB-4DC4-B6FB-047CF71DB0E1}.Release|Any CPU.Build.0 = Release|Any CPU
		{6BE4EB29-54D4-44BA-9D69-F3DC670B6A25}.Debug|Any CPU.ActiveCfg = Debug|Any CPU
		{6BE4EB29-54D4-44BA-9D69-F3DC670B6A25}.Debug|Any CPU.Build.0 = Debug|Any CPU
		{6BE4EB29-54D4-44BA-9D69-F3DC670B6A25}.Release|Any CPU.ActiveCfg = Release|Any CPU
		{6BE4EB29-54D4-44BA-9D69-F3DC670B6A25}.Release|Any CPU.Build.0 = Release|Any CPU
		{D9CBEA64-48F0-496B-8817-8298DE62FA44}.Debug|Any CPU.ActiveCfg = Debug|Any CPU
		{D9CBEA64-48F0-496B-8817-8298DE62FA44}.Debug|Any CPU.Build.0 = Debug|Any CPU
		{D9CBEA64-48F0-496B-8817-8298DE62FA44}.Release|Any CPU.ActiveCfg = Release|Any CPU
		{D9CBEA64-48F0-496B-8817-8298DE62FA44}.Release|Any CPU.Build.0 = Release|Any CPU
		{9995F3F6-EF63-4C49-B421-02ED516C67D5}.Debug|Any CPU.ActiveCfg = Debug|Any CPU
		{9995F3F6-EF63-4C49-B421-02ED516C67D5}.Debug|Any CPU.Build.0 = Debug|Any CPU
		{9995F3F6-EF63-4C49-B421-02ED516C67D5}.Release|Any CPU.ActiveCfg = Release|Any CPU
		{9995F3F6-EF63-4C49-B421-02ED516C67D5}.Release|Any CPU.Build.0 = Release|Any CPU
		{096CFB33-1A7A-4CBB-ABB5-AF502978CAB0}.Debug|Any CPU.ActiveCfg = Debug|Any CPU
		{096CFB33-1A7A-4CBB-ABB5-AF502978CAB0}.Debug|Any CPU.Build.0 = Debug|Any CPU
		{096CFB33-1A7A-4CBB-ABB5-AF502978CAB0}.Release|Any CPU.ActiveCfg = Release|Any CPU
		{096CFB33-1A7A-4CBB-ABB5-AF502978CAB0}.Release|Any CPU.Build.0 = Release|Any CPU
		{010EA9C1-D11E-4D97-8DBF-E832EB11CF1A}.Debug|Any CPU.ActiveCfg = Debug|Any CPU
		{010EA9C1-D11E-4D97-8DBF-E832EB11CF1A}.Debug|Any CPU.Build.0 = Debug|Any CPU
		{010EA9C1-D11E-4D97-8DBF-E832EB11CF1A}.Release|Any CPU.ActiveCfg = Release|Any CPU
		{010EA9C1-D11E-4D97-8DBF-E832EB11CF1A}.Release|Any CPU.Build.0 = Release|Any CPU
		{B756838A-B7CB-4079-B626-08AB75A4AE88}.Debug|Any CPU.ActiveCfg = Debug|Any CPU
		{B756838A-B7CB-4079-B626-08AB75A4AE88}.Debug|Any CPU.Build.0 = Debug|Any CPU
		{B756838A-B7CB-4079-B626-08AB75A4AE88}.Release|Any CPU.ActiveCfg = Release|Any CPU
		{B756838A-B7CB-4079-B626-08AB75A4AE88}.Release|Any CPU.Build.0 = Release|Any CPU
		{70F9387C-5C50-441A-8471-D80449B9395B}.Debug|Any CPU.ActiveCfg = Debug|Any CPU
		{70F9387C-5C50-441A-8471-D80449B9395B}.Debug|Any CPU.Build.0 = Debug|Any CPU
		{70F9387C-5C50-441A-8471-D80449B9395B}.Release|Any CPU.ActiveCfg = Release|Any CPU
		{70F9387C-5C50-441A-8471-D80449B9395B}.Release|Any CPU.Build.0 = Release|Any CPU
		{3BA45B4A-A18D-4D7F-A584-39D264D54199}.Debug|Any CPU.ActiveCfg = Debug|Any CPU
		{3BA45B4A-A18D-4D7F-A584-39D264D54199}.Debug|Any CPU.Build.0 = Debug|Any CPU
		{3BA45B4A-A18D-4D7F-A584-39D264D54199}.Release|Any CPU.ActiveCfg = Release|Any CPU
		{3BA45B4A-A18D-4D7F-A584-39D264D54199}.Release|Any CPU.Build.0 = Release|Any CPU
		{565DB713-6C9B-483E-AA35-555C6908289D}.Debug|Any CPU.ActiveCfg = Debug|Any CPU
		{565DB713-6C9B-483E-AA35-555C6908289D}.Debug|Any CPU.Build.0 = Debug|Any CPU
		{565DB713-6C9B-483E-AA35-555C6908289D}.Release|Any CPU.ActiveCfg = Release|Any CPU
		{565DB713-6C9B-483E-AA35-555C6908289D}.Release|Any CPU.Build.0 = Release|Any CPU
		{AF225D65-D7BB-4088-A25C-6277D4ACFAF3}.Debug|Any CPU.ActiveCfg = Debug|Any CPU
		{AF225D65-D7BB-4088-A25C-6277D4ACFAF3}.Debug|Any CPU.Build.0 = Debug|Any CPU
		{AF225D65-D7BB-4088-A25C-6277D4ACFAF3}.Release|Any CPU.ActiveCfg = Release|Any CPU
		{AF225D65-D7BB-4088-A25C-6277D4ACFAF3}.Release|Any CPU.Build.0 = Release|Any CPU
		{3FCB2725-4948-48C5-AC33-1BF071F2336E}.Debug|Any CPU.ActiveCfg = Debug|Any CPU
		{3FCB2725-4948-48C5-AC33-1BF071F2336E}.Debug|Any CPU.Build.0 = Debug|Any CPU
		{3FCB2725-4948-48C5-AC33-1BF071F2336E}.Release|Any CPU.ActiveCfg = Release|Any CPU
		{3FCB2725-4948-48C5-AC33-1BF071F2336E}.Release|Any CPU.Build.0 = Release|Any CPU
		{4B746E83-F611-49E0-8447-B54A2CE7E8FE}.Debug|Any CPU.ActiveCfg = Debug|Any CPU
		{4B746E83-F611-49E0-8447-B54A2CE7E8FE}.Debug|Any CPU.Build.0 = Debug|Any CPU
		{4B746E83-F611-49E0-8447-B54A2CE7E8FE}.Release|Any CPU.ActiveCfg = Release|Any CPU
		{4B746E83-F611-49E0-8447-B54A2CE7E8FE}.Release|Any CPU.Build.0 = Release|Any CPU
		{3C816D2D-274D-48B6-A2BC-C261BDEC273D}.Debug|Any CPU.ActiveCfg = Debug|Any CPU
		{3C816D2D-274D-48B6-A2BC-C261BDEC273D}.Debug|Any CPU.Build.0 = Debug|Any CPU
		{3C816D2D-274D-48B6-A2BC-C261BDEC273D}.Release|Any CPU.ActiveCfg = Release|Any CPU
		{3C816D2D-274D-48B6-A2BC-C261BDEC273D}.Release|Any CPU.Build.0 = Release|Any CPU
		{76E72490-6335-4A0B-BAA4-7B99B35A6D75}.Debug|Any CPU.ActiveCfg = Debug|Any CPU
		{76E72490-6335-4A0B-BAA4-7B99B35A6D75}.Debug|Any CPU.Build.0 = Debug|Any CPU
		{76E72490-6335-4A0B-BAA4-7B99B35A6D75}.Release|Any CPU.ActiveCfg = Release|Any CPU
		{76E72490-6335-4A0B-BAA4-7B99B35A6D75}.Release|Any CPU.Build.0 = Release|Any CPU
		{C82D6EA6-E9C0-4C01-BE36-61CAF8001351}.Debug|Any CPU.ActiveCfg = Debug|Any CPU
		{C82D6EA6-E9C0-4C01-BE36-61CAF8001351}.Debug|Any CPU.Build.0 = Debug|Any CPU
		{C82D6EA6-E9C0-4C01-BE36-61CAF8001351}.Release|Any CPU.ActiveCfg = Release|Any CPU
		{C82D6EA6-E9C0-4C01-BE36-61CAF8001351}.Release|Any CPU.Build.0 = Release|Any CPU
		{9F84675C-E48F-49B9-A6E1-AF490BE1DF3A}.Debug|Any CPU.ActiveCfg = Debug|Any CPU
		{9F84675C-E48F-49B9-A6E1-AF490BE1DF3A}.Debug|Any CPU.Build.0 = Debug|Any CPU
		{9F84675C-E48F-49B9-A6E1-AF490BE1DF3A}.Release|Any CPU.ActiveCfg = Release|Any CPU
		{9F84675C-E48F-49B9-A6E1-AF490BE1DF3A}.Release|Any CPU.Build.0 = Release|Any CPU
		{CAC90499-7DD8-451E-B2BA-20BC36DD4DA1}.Debug|Any CPU.ActiveCfg = Debug|Any CPU
		{CAC90499-7DD8-451E-B2BA-20BC36DD4DA1}.Debug|Any CPU.Build.0 = Debug|Any CPU
		{CAC90499-7DD8-451E-B2BA-20BC36DD4DA1}.Release|Any CPU.ActiveCfg = Release|Any CPU
		{CAC90499-7DD8-451E-B2BA-20BC36DD4DA1}.Release|Any CPU.Build.0 = Release|Any CPU
		{EB9E2B87-0DDA-40B5-B8D9-6A3E94B1F0FB}.Debug|Any CPU.ActiveCfg = Debug|Any CPU
		{EB9E2B87-0DDA-40B5-B8D9-6A3E94B1F0FB}.Debug|Any CPU.Build.0 = Debug|Any CPU
		{EB9E2B87-0DDA-40B5-B8D9-6A3E94B1F0FB}.Release|Any CPU.ActiveCfg = Release|Any CPU
		{EB9E2B87-0DDA-40B5-B8D9-6A3E94B1F0FB}.Release|Any CPU.Build.0 = Release|Any CPU
		{3085D067-4298-40CF-ADB1-4F0B268479B2}.Debug|Any CPU.ActiveCfg = Debug|Any CPU
		{3085D067-4298-40CF-ADB1-4F0B268479B2}.Debug|Any CPU.Build.0 = Debug|Any CPU
		{3085D067-4298-40CF-ADB1-4F0B268479B2}.Release|Any CPU.ActiveCfg = Release|Any CPU
		{3085D067-4298-40CF-ADB1-4F0B268479B2}.Release|Any CPU.Build.0 = Release|Any CPU
		{1BF96331-7668-4B81-B62E-9CAB4F80EEE4}.Debug|Any CPU.ActiveCfg = Debug|Any CPU
		{1BF96331-7668-4B81-B62E-9CAB4F80EEE4}.Debug|Any CPU.Build.0 = Debug|Any CPU
		{1BF96331-7668-4B81-B62E-9CAB4F80EEE4}.Release|Any CPU.ActiveCfg = Release|Any CPU
		{1BF96331-7668-4B81-B62E-9CAB4F80EEE4}.Release|Any CPU.Build.0 = Release|Any CPU
		{98B92473-B5E4-461F-9256-EEFC4F9357FD}.Debug|Any CPU.ActiveCfg = Debug|Any CPU
		{98B92473-B5E4-461F-9256-EEFC4F9357FD}.Debug|Any CPU.Build.0 = Debug|Any CPU
		{98B92473-B5E4-461F-9256-EEFC4F9357FD}.Release|Any CPU.ActiveCfg = Release|Any CPU
		{98B92473-B5E4-461F-9256-EEFC4F9357FD}.Release|Any CPU.Build.0 = Release|Any CPU
		{75512800-7769-421F-B264-91E1C3C2E1AA}.Debug|Any CPU.ActiveCfg = Debug|Any CPU
		{75512800-7769-421F-B264-91E1C3C2E1AA}.Debug|Any CPU.Build.0 = Debug|Any CPU
		{75512800-7769-421F-B264-91E1C3C2E1AA}.Release|Any CPU.ActiveCfg = Release|Any CPU
		{75512800-7769-421F-B264-91E1C3C2E1AA}.Release|Any CPU.Build.0 = Release|Any CPU
		{FB33DBB7-2D81-4D05-ADD7-55AED65327A6}.Debug|Any CPU.ActiveCfg = Debug|Any CPU
		{FB33DBB7-2D81-4D05-ADD7-55AED65327A6}.Debug|Any CPU.Build.0 = Debug|Any CPU
		{FB33DBB7-2D81-4D05-ADD7-55AED65327A6}.Release|Any CPU.ActiveCfg = Release|Any CPU
		{FB33DBB7-2D81-4D05-ADD7-55AED65327A6}.Release|Any CPU.Build.0 = Release|Any CPU
		{FC3203FC-1EFD-4825-B6AA-1223E96D40AA}.Debug|Any CPU.ActiveCfg = Debug|Any CPU
		{FC3203FC-1EFD-4825-B6AA-1223E96D40AA}.Debug|Any CPU.Build.0 = Debug|Any CPU
		{FC3203FC-1EFD-4825-B6AA-1223E96D40AA}.Release|Any CPU.ActiveCfg = Release|Any CPU
		{FC3203FC-1EFD-4825-B6AA-1223E96D40AA}.Release|Any CPU.Build.0 = Release|Any CPU
		{C6BF2FE2-8BFD-4D3F-852C-4A14B6E87BC2}.Debug|Any CPU.ActiveCfg = Debug|Any CPU
		{C6BF2FE2-8BFD-4D3F-852C-4A14B6E87BC2}.Debug|Any CPU.Build.0 = Debug|Any CPU
		{C6BF2FE2-8BFD-4D3F-852C-4A14B6E87BC2}.Release|Any CPU.ActiveCfg = Release|Any CPU
		{C6BF2FE2-8BFD-4D3F-852C-4A14B6E87BC2}.Release|Any CPU.Build.0 = Release|Any CPU
		{90490C65-89A8-4E6C-A28A-2C989B3E6B94}.Debug|Any CPU.ActiveCfg = Debug|Any CPU
		{90490C65-89A8-4E6C-A28A-2C989B3E6B94}.Debug|Any CPU.Build.0 = Debug|Any CPU
		{90490C65-89A8-4E6C-A28A-2C989B3E6B94}.Release|Any CPU.ActiveCfg = Release|Any CPU
		{90490C65-89A8-4E6C-A28A-2C989B3E6B94}.Release|Any CPU.Build.0 = Release|Any CPU
		{83D948FC-9A68-4BA2-A14B-71BF228BFCB3}.Debug|Any CPU.ActiveCfg = Debug|Any CPU
		{83D948FC-9A68-4BA2-A14B-71BF228BFCB3}.Debug|Any CPU.Build.0 = Debug|Any CPU
		{83D948FC-9A68-4BA2-A14B-71BF228BFCB3}.Release|Any CPU.ActiveCfg = Release|Any CPU
		{83D948FC-9A68-4BA2-A14B-71BF228BFCB3}.Release|Any CPU.Build.0 = Release|Any CPU
		{9883C229-C3EB-467A-9C13-94BB100745F3}.Debug|Any CPU.ActiveCfg = Debug|Any CPU
		{9883C229-C3EB-467A-9C13-94BB100745F3}.Debug|Any CPU.Build.0 = Debug|Any CPU
		{9883C229-C3EB-467A-9C13-94BB100745F3}.Release|Any CPU.ActiveCfg = Release|Any CPU
		{9883C229-C3EB-467A-9C13-94BB100745F3}.Release|Any CPU.Build.0 = Release|Any CPU
		{512D6BEF-72FB-414B-A91B-3067011BD06C}.Debug|Any CPU.ActiveCfg = Debug|Any CPU
		{512D6BEF-72FB-414B-A91B-3067011BD06C}.Debug|Any CPU.Build.0 = Debug|Any CPU
		{512D6BEF-72FB-414B-A91B-3067011BD06C}.Release|Any CPU.ActiveCfg = Release|Any CPU
		{512D6BEF-72FB-414B-A91B-3067011BD06C}.Release|Any CPU.Build.0 = Release|Any CPU
	EndGlobalSection
	GlobalSection(SolutionProperties) = preSolution
		HideSolutionNode = FALSE
	EndGlobalSection
	GlobalSection(NestedProjects) = preSolution
		{46C55205-81BD-47CB-B6FE-D51F30E09FCA} = {975F92D3-3039-42B2-9791-546FDD5E7368}
		{07EA7E67-6FC5-4FB2-9F88-F7146F027158} = {46C55205-81BD-47CB-B6FE-D51F30E09FCA}
		{00D4C1FF-EDFF-49E7-9EE0-D2A0B7975B6F} = {975F92D3-3039-42B2-9791-546FDD5E7368}
		{6BE4EB29-54D4-44BA-9D69-F3DC670B6A25} = {00D4C1FF-EDFF-49E7-9EE0-D2A0B7975B6F}
		{D9CBEA64-48F0-496B-8817-8298DE62FA44} = {00D4C1FF-EDFF-49E7-9EE0-D2A0B7975B6F}
		{4362C984-04CF-41B9-A427-47BE792C6262} = {975F92D3-3039-42B2-9791-546FDD5E7368}
		{9995F3F6-EF63-4C49-B421-02ED516C67D5} = {4362C984-04CF-41B9-A427-47BE792C6262}
		{096CFB33-1A7A-4CBB-ABB5-AF502978CAB0} = {4362C984-04CF-41B9-A427-47BE792C6262}
		{DF65AE80-63E1-4B44-A434-2FB9B28E3341} = {CCF720FF-084F-4A92-8B24-5E06DEBAB9BB}
		{6CEB123C-F16F-4FF0-9928-06A7446F166B} = {CCF720FF-084F-4A92-8B24-5E06DEBAB9BB}
		{5A2796CE-6366-429F-A955-E54F02FCB1F4} = {CCF720FF-084F-4A92-8B24-5E06DEBAB9BB}
		{70F9387C-5C50-441A-8471-D80449B9395B} = {6CEB123C-F16F-4FF0-9928-06A7446F166B}
		{3BA45B4A-A18D-4D7F-A584-39D264D54199} = {DF65AE80-63E1-4B44-A434-2FB9B28E3341}
		{565DB713-6C9B-483E-AA35-555C6908289D} = {DF65AE80-63E1-4B44-A434-2FB9B28E3341}
		{AF225D65-D7BB-4088-A25C-6277D4ACFAF3} = {5A2796CE-6366-429F-A955-E54F02FCB1F4}
		{3FCB2725-4948-48C5-AC33-1BF071F2336E} = {5A2796CE-6366-429F-A955-E54F02FCB1F4}
		{F5984A81-720B-4490-B069-BA26C612354F} = {96E69C40-13B9-4F9B-9A09-9892D364383E}
		{4E8A287E-403F-426A-BDF1-B17D4B4BC12A} = {96E69C40-13B9-4F9B-9A09-9892D364383E}
		{6FBB4A9B-3DB7-4711-A8F2-8AB914FC47E6} = {96E69C40-13B9-4F9B-9A09-9892D364383E}
		{4B746E83-F611-49E0-8447-B54A2CE7E8FE} = {F5984A81-720B-4490-B069-BA26C612354F}
		{3C816D2D-274D-48B6-A2BC-C261BDEC273D} = {4E8A287E-403F-426A-BDF1-B17D4B4BC12A}
		{76E72490-6335-4A0B-BAA4-7B99B35A6D75} = {4E8A287E-403F-426A-BDF1-B17D4B4BC12A}
		{C82D6EA6-E9C0-4C01-BE36-61CAF8001351} = {6FBB4A9B-3DB7-4711-A8F2-8AB914FC47E6}
		{9F84675C-E48F-49B9-A6E1-AF490BE1DF3A} = {6FBB4A9B-3DB7-4711-A8F2-8AB914FC47E6}
		{CAC90499-7DD8-451E-B2BA-20BC36DD4DA1} = {9FE22BC6-A2B4-4652-87A4-963DF5696DBD}
		{9FE22BC6-A2B4-4652-87A4-963DF5696DBD} = {67CD5E76-F712-4B50-91A5-FE7483E9CAB4}
		{EB9E2B87-0DDA-40B5-B8D9-6A3E94B1F0FB} = {9FE22BC6-A2B4-4652-87A4-963DF5696DBD}
		{70A3F68A-7359-40C2-8F30-8598A5E4C2E1} = {67CD5E76-F712-4B50-91A5-FE7483E9CAB4}
		{3085D067-4298-40CF-ADB1-4F0B268479B2} = {70A3F68A-7359-40C2-8F30-8598A5E4C2E1}
		{22D56318-A60B-4628-BB4C-E7138FCFE562} = {C51DCECD-4E9E-476C-B4F6-F689227EABF6}
		{B09D2EF0-F915-46DD-93FD-A63159FCC72F} = {C51DCECD-4E9E-476C-B4F6-F689227EABF6}
		{324BE960-66CB-4251-90C0-DEE1B1D54F2B} = {C51DCECD-4E9E-476C-B4F6-F689227EABF6}
		{1BF96331-7668-4B81-B62E-9CAB4F80EEE4} = {22D56318-A60B-4628-BB4C-E7138FCFE562}
		{98B92473-B5E4-461F-9256-EEFC4F9357FD} = {22D56318-A60B-4628-BB4C-E7138FCFE562}
		{75512800-7769-421F-B264-91E1C3C2E1AA} = {B09D2EF0-F915-46DD-93FD-A63159FCC72F}
		{FB33DBB7-2D81-4D05-ADD7-55AED65327A6} = {324BE960-66CB-4251-90C0-DEE1B1D54F2B}
		{FC3203FC-1EFD-4825-B6AA-1223E96D40AA} = {324BE960-66CB-4251-90C0-DEE1B1D54F2B}
		{88C577C3-958A-4F06-B966-0CF87CB88C40} = {6997F4DF-C076-48A4-ABFD-88E40CDD1568}
		{1B05E5ED-3079-408E-AC06-D8EAB0A6D9C5} = {6997F4DF-C076-48A4-ABFD-88E40CDD1568}
		{E20ECB57-B723-4013-8B8C-5100B80148DB} = {6997F4DF-C076-48A4-ABFD-88E40CDD1568}
		{C6BF2FE2-8BFD-4D3F-852C-4A14B6E87BC2} = {88C577C3-958A-4F06-B966-0CF87CB88C40}
		{90490C65-89A8-4E6C-A28A-2C989B3E6B94} = {E20ECB57-B723-4013-8B8C-5100B80148DB}
		{83D948FC-9A68-4BA2-A14B-71BF228BFCB3} = {1B05E5ED-3079-408E-AC06-D8EAB0A6D9C5}
		{9883C229-C3EB-467A-9C13-94BB100745F3} = {1B05E5ED-3079-408E-AC06-D8EAB0A6D9C5}
		{512D6BEF-72FB-414B-A91B-3067011BD06C} = {E20ECB57-B723-4013-8B8C-5100B80148DB}
	EndGlobalSection
	GlobalSection(ExtensibilityGlobals) = postSolution
		SolutionGuid = {E5B3B586-D223-4E6B-ACA6-7F022AF0A676}
	EndGlobalSection
EndGlobal
